// !$*UTF8*$!
{
	archiveVersion = 1;
	classes = {
	};
	objectVersion = 50;
	objects = {

/* Begin PBXBuildFile section */
		FF7B833A225AF47E00E2F207 /* AppDelegate.swift in Sources */ = {isa = PBXBuildFile; fileRef = FF7B8339225AF47E00E2F207 /* AppDelegate.swift */; };
		FF7B833C225AF47E00E2F207 /* ViewController.swift in Sources */ = {isa = PBXBuildFile; fileRef = FF7B833B225AF47E00E2F207 /* ViewController.swift */; };
		FF7B833F225AF47E00E2F207 /* Main.storyboard in Resources */ = {isa = PBXBuildFile; fileRef = FF7B833D225AF47E00E2F207 /* Main.storyboard */; };
		FF7B8341225AF48100E2F207 /* Assets.xcassets in Resources */ = {isa = PBXBuildFile; fileRef = FF7B8340225AF48100E2F207 /* Assets.xcassets */; };
		FF7B8344225AF48100E2F207 /* LaunchScreen.storyboard in Resources */ = {isa = PBXBuildFile; fileRef = FF7B8342225AF48100E2F207 /* LaunchScreen.storyboard */; };
		FF7B834F225AF48100E2F207 /* Class02Tests.swift in Sources */ = {isa = PBXBuildFile; fileRef = FF7B834E225AF48100E2F207 /* Class02Tests.swift */; };
		FF7B835A225AF48200E2F207 /* Class02UITests.swift in Sources */ = {isa = PBXBuildFile; fileRef = FF7B8359225AF48200E2F207 /* Class02UITests.swift */; };
/* End PBXBuildFile section */

/* Begin PBXContainerItemProxy section */
		FF7B834B225AF48100E2F207 /* PBXContainerItemProxy */ = {
			isa = PBXContainerItemProxy;
			containerPortal = FF7B832E225AF47E00E2F207 /* Project object */;
			proxyType = 1;
			remoteGlobalIDString = FF7B8335225AF47E00E2F207;
			remoteInfo = Class02;
		};
		FF7B8356225AF48200E2F207 /* PBXContainerItemProxy */ = {
			isa = PBXContainerItemProxy;
			containerPortal = FF7B832E225AF47E00E2F207 /* Project object */;
			proxyType = 1;
			remoteGlobalIDString = FF7B8335225AF47E00E2F207;
			remoteInfo = Class02;
		};
/* End PBXContainerItemProxy section */

/* Begin PBXFileReference section */
		FF7B8336225AF47E00E2F207 /* Class02.app */ = {isa = PBXFileReference; explicitFileType = wrapper.application; includeInIndex = 0; path = Class02.app; sourceTree = BUILT_PRODUCTS_DIR; };
		FF7B8339225AF47E00E2F207 /* AppDelegate.swift */ = {isa = PBXFileReference; lastKnownFileType = sourcecode.swift; path = AppDelegate.swift; sourceTree = "<group>"; };
		FF7B833B225AF47E00E2F207 /* ViewController.swift */ = {isa = PBXFileReference; lastKnownFileType = sourcecode.swift; path = ViewController.swift; sourceTree = "<group>"; };
		FF7B833E225AF47E00E2F207 /* Base */ = {isa = PBXFileReference; lastKnownFileType = file.storyboard; name = Base; path = Base.lproj/Main.storyboard; sourceTree = "<group>"; };
		FF7B8340225AF48100E2F207 /* Assets.xcassets */ = {isa = PBXFileReference; lastKnownFileType = folder.assetcatalog; path = Assets.xcassets; sourceTree = "<group>"; };
		FF7B8343225AF48100E2F207 /* Base */ = {isa = PBXFileReference; lastKnownFileType = file.storyboard; name = Base; path = Base.lproj/LaunchScreen.storyboard; sourceTree = "<group>"; };
		FF7B8345225AF48100E2F207 /* Info.plist */ = {isa = PBXFileReference; lastKnownFileType = text.plist.xml; path = Info.plist; sourceTree = "<group>"; };
		FF7B834A225AF48100E2F207 /* Class02Tests.xctest */ = {isa = PBXFileReference; explicitFileType = wrapper.cfbundle; includeInIndex = 0; path = Class02Tests.xctest; sourceTree = BUILT_PRODUCTS_DIR; };
		FF7B834E225AF48100E2F207 /* Class02Tests.swift */ = {isa = PBXFileReference; lastKnownFileType = sourcecode.swift; path = Class02Tests.swift; sourceTree = "<group>"; };
		FF7B8350225AF48100E2F207 /* Info.plist */ = {isa = PBXFileReference; lastKnownFileType = text.plist.xml; path = Info.plist; sourceTree = "<group>"; };
		FF7B8355225AF48200E2F207 /* Class02UITests.xctest */ = {isa = PBXFileReference; explicitFileType = wrapper.cfbundle; includeInIndex = 0; path = Class02UITests.xctest; sourceTree = BUILT_PRODUCTS_DIR; };
		FF7B8359225AF48200E2F207 /* Class02UITests.swift */ = {isa = PBXFileReference; lastKnownFileType = sourcecode.swift; path = Class02UITests.swift; sourceTree = "<group>"; };
		FF7B835B225AF48200E2F207 /* Info.plist */ = {isa = PBXFileReference; lastKnownFileType = text.plist.xml; path = Info.plist; sourceTree = "<group>"; };
/* End PBXFileReference section */

/* Begin PBXFrameworksBuildPhase section */
		FF7B8333225AF47E00E2F207 /* Frameworks */ = {
			isa = PBXFrameworksBuildPhase;
			buildActionMask = 2147483647;
			files = (
			);
			runOnlyForDeploymentPostprocessing = 0;
		};
		FF7B8347225AF48100E2F207 /* Frameworks */ = {
			isa = PBXFrameworksBuildPhase;
			buildActionMask = 2147483647;
			files = (
			);
			runOnlyForDeploymentPostprocessing = 0;
		};
		FF7B8352225AF48200E2F207 /* Frameworks */ = {
			isa = PBXFrameworksBuildPhase;
			buildActionMask = 2147483647;
			files = (
			);
			runOnlyForDeploymentPostprocessing = 0;
		};
/* End PBXFrameworksBuildPhase section */

/* Begin PBXGroup section */
		FF7B832D225AF47E00E2F207 = {
			isa = PBXGroup;
			children = (
				FF7B8338225AF47E00E2F207 /* Class02 */,
				FF7B834D225AF48100E2F207 /* Class02Tests */,
				FF7B8358225AF48200E2F207 /* Class02UITests */,
				FF7B8337225AF47E00E2F207 /* Products */,
			);
			sourceTree = "<group>";
		};
		FF7B8337225AF47E00E2F207 /* Products */ = {
			isa = PBXGroup;
			children = (
				FF7B8336225AF47E00E2F207 /* Class02.app */,
				FF7B834A225AF48100E2F207 /* Class02Tests.xctest */,
				FF7B8355225AF48200E2F207 /* Class02UITests.xctest */,
			);
			name = Products;
			sourceTree = "<group>";
		};
		FF7B8338225AF47E00E2F207 /* Class02 */ = {
			isa = PBXGroup;
			children = (
				FF7B8339225AF47E00E2F207 /* AppDelegate.swift */,
				FF7B833B225AF47E00E2F207 /* ViewController.swift */,
				FF7B833D225AF47E00E2F207 /* Main.storyboard */,
				FF7B8340225AF48100E2F207 /* Assets.xcassets */,
				FF7B8342225AF48100E2F207 /* LaunchScreen.storyboard */,
				FF7B8345225AF48100E2F207 /* Info.plist */,
			);
			path = Class02;
			sourceTree = "<group>";
		};
		FF7B834D225AF48100E2F207 /* Class02Tests */ = {
			isa = PBXGroup;
			children = (
				FF7B834E225AF48100E2F207 /* Class02Tests.swift */,
				FF7B8350225AF48100E2F207 /* Info.plist */,
			);
			path = Class02Tests;
			sourceTree = "<group>";
		};
		FF7B8358225AF48200E2F207 /* Class02UITests */ = {
			isa = PBXGroup;
			children = (
				FF7B8359225AF48200E2F207 /* Class02UITests.swift */,
				FF7B835B225AF48200E2F207 /* Info.plist */,
			);
			path = Class02UITests;
			sourceTree = "<group>";
		};
/* End PBXGroup section */

/* Begin PBXNativeTarget section */
		FF7B8335225AF47E00E2F207 /* Class02 */ = {
			isa = PBXNativeTarget;
			buildConfigurationList = FF7B835E225AF48200E2F207 /* Build configuration list for PBXNativeTarget "Class02" */;
			buildPhases = (
				FF7B8332225AF47E00E2F207 /* Sources */,
				FF7B8333225AF47E00E2F207 /* Frameworks */,
				FF7B8334225AF47E00E2F207 /* Resources */,
			);
			buildRules = (
			);
			dependencies = (
			);
			name = Class02;
			productName = Class02;
			productReference = FF7B8336225AF47E00E2F207 /* Class02.app */;
			productType = "com.apple.product-type.application";
		};
		FF7B8349225AF48100E2F207 /* Class02Tests */ = {
			isa = PBXNativeTarget;
			buildConfigurationList = FF7B8361225AF48200E2F207 /* Build configuration list for PBXNativeTarget "Class02Tests" */;
			buildPhases = (
				FF7B8346225AF48100E2F207 /* Sources */,
				FF7B8347225AF48100E2F207 /* Frameworks */,
				FF7B8348225AF48100E2F207 /* Resources */,
			);
			buildRules = (
			);
			dependencies = (
				FF7B834C225AF48100E2F207 /* PBXTargetDependency */,
			);
			name = Class02Tests;
			productName = Class02Tests;
			productReference = FF7B834A225AF48100E2F207 /* Class02Tests.xctest */;
			productType = "com.apple.product-type.bundle.unit-test";
		};
		FF7B8354225AF48200E2F207 /* Class02UITests */ = {
			isa = PBXNativeTarget;
			buildConfigurationList = FF7B8364225AF48200E2F207 /* Build configuration list for PBXNativeTarget "Class02UITests" */;
			buildPhases = (
				FF7B8351225AF48200E2F207 /* Sources */,
				FF7B8352225AF48200E2F207 /* Frameworks */,
				FF7B8353225AF48200E2F207 /* Resources */,
			);
			buildRules = (
			);
			dependencies = (
				FF7B8357225AF48200E2F207 /* PBXTargetDependency */,
			);
			name = Class02UITests;
			productName = Class02UITests;
			productReference = FF7B8355225AF48200E2F207 /* Class02UITests.xctest */;
			productType = "com.apple.product-type.bundle.ui-testing";
		};
/* End PBXNativeTarget section */

/* Begin PBXProject section */
		FF7B832E225AF47E00E2F207 /* Project object */ = {
			isa = PBXProject;
			attributes = {
				LastSwiftUpdateCheck = 1010;
				LastUpgradeCheck = 1010;
				ORGANIZATIONNAME = "L20102-02";
				TargetAttributes = {
					FF7B8335225AF47E00E2F207 = {
						CreatedOnToolsVersion = 10.1;
					};
					FF7B8349225AF48100E2F207 = {
						CreatedOnToolsVersion = 10.1;
						TestTargetID = FF7B8335225AF47E00E2F207;
					};
					FF7B8354225AF48200E2F207 = {
						CreatedOnToolsVersion = 10.1;
						TestTargetID = FF7B8335225AF47E00E2F207;
					};
				};
			};
			buildConfigurationList = FF7B8331225AF47E00E2F207 /* Build configuration list for PBXProject "Class02" */;
			compatibilityVersion = "Xcode 9.3";
			developmentRegion = en;
			hasScannedForEncodings = 0;
			knownRegions = (
				en,
				Base,
			);
			mainGroup = FF7B832D225AF47E00E2F207;
			productRefGroup = FF7B8337225AF47E00E2F207 /* Products */;
			projectDirPath = "";
			projectRoot = "";
			targets = (
				FF7B8335225AF47E00E2F207 /* Class02 */,
				FF7B8349225AF48100E2F207 /* Class02Tests */,
				FF7B8354225AF48200E2F207 /* Class02UITests */,
			);
		};
/* End PBXProject section */

/* Begin PBXResourcesBuildPhase section */
		FF7B8334225AF47E00E2F207 /* Resources */ = {
			isa = PBXResourcesBuildPhase;
			buildActionMask = 2147483647;
			files = (
				FF7B8344225AF48100E2F207 /* LaunchScreen.storyboard in Resources */,
				FF7B8341225AF48100E2F207 /* Assets.xcassets in Resources */,
				FF7B833F225AF47E00E2F207 /* Main.storyboard in Resources */,
			);
			runOnlyForDeploymentPostprocessing = 0;
		};
		FF7B8348225AF48100E2F207 /* Resources */ = {
			isa = PBXResourcesBuildPhase;
			buildActionMask = 2147483647;
			files = (
			);
			runOnlyForDeploymentPostprocessing = 0;
		};
		FF7B8353225AF48200E2F207 /* Resources */ = {
			isa = PBXResourcesBuildPhase;
			buildActionMask = 2147483647;
			files = (
			);
			runOnlyForDeploymentPostprocessing = 0;
		};
/* End PBXResourcesBuildPhase section */

/* Begin PBXSourcesBuildPhase section */
		FF7B8332225AF47E00E2F207 /* Sources */ = {
			isa = PBXSourcesBuildPhase;
			buildActionMask = 2147483647;
			files = (
				FF7B833C225AF47E00E2F207 /* ViewController.swift in Sources */,
				FF7B833A225AF47E00E2F207 /* AppDelegate.swift in Sources */,
			);
			runOnlyForDeploymentPostprocessing = 0;
		};
		FF7B8346225AF48100E2F207 /* Sources */ = {
			isa = PBXSourcesBuildPhase;
			buildActionMask = 2147483647;
			files = (
				FF7B834F225AF48100E2F207 /* Class02Tests.swift in Sources */,
			);
			runOnlyForDeploymentPostprocessing = 0;
		};
		FF7B8351225AF48200E2F207 /* Sources */ = {
			isa = PBXSourcesBuildPhase;
			buildActionMask = 2147483647;
			files = (
				FF7B835A225AF48200E2F207 /* Class02UITests.swift in Sources */,
			);
			runOnlyForDeploymentPostprocessing = 0;
		};
/* End PBXSourcesBuildPhase section */

/* Begin PBXTargetDependency section */
		FF7B834C225AF48100E2F207 /* PBXTargetDependency */ = {
			isa = PBXTargetDependency;
			target = FF7B8335225AF47E00E2F207 /* Class02 */;
			targetProxy = FF7B834B225AF48100E2F207 /* PBXContainerItemProxy */;
		};
		FF7B8357225AF48200E2F207 /* PBXTargetDependency */ = {
			isa = PBXTargetDependency;
			target = FF7B8335225AF47E00E2F207 /* Class02 */;
			targetProxy = FF7B8356225AF48200E2F207 /* PBXContainerItemProxy */;
		};
/* End PBXTargetDependency section */

/* Begin PBXVariantGroup section */
		FF7B833D225AF47E00E2F207 /* Main.storyboard */ = {
			isa = PBXVariantGroup;
			children = (
				FF7B833E225AF47E00E2F207 /* Base */,
			);
			name = Main.storyboard;
			sourceTree = "<group>";
		};
		FF7B8342225AF48100E2F207 /* LaunchScreen.storyboard */ = {
			isa = PBXVariantGroup;
			children = (
				FF7B8343225AF48100E2F207 /* Base */,
			);
			name = LaunchScreen.storyboard;
			sourceTree = "<group>";
		};
/* End PBXVariantGroup section */

/* Begin XCBuildConfiguration section */
		FF7B835C225AF48200E2F207 /* Debug */ = {
			isa = XCBuildConfiguration;
			buildSettings = {
				ALWAYS_SEARCH_USER_PATHS = NO;
				CLANG_ANALYZER_NONNULL = YES;
				CLANG_ANALYZER_NUMBER_OBJECT_CONVERSION = YES_AGGRESSIVE;
				CLANG_CXX_LANGUAGE_STANDARD = "gnu++14";
				CLANG_CXX_LIBRARY = "libc++";
				CLANG_ENABLE_MODULES = YES;
				CLANG_ENABLE_OBJC_ARC = YES;
				CLANG_ENABLE_OBJC_WEAK = YES;
				CLANG_WARN_BLOCK_CAPTURE_AUTORELEASING = YES;
				CLANG_WARN_BOOL_CONVERSION = YES;
				CLANG_WARN_COMMA = YES;
				CLANG_WARN_CONSTANT_CONVERSION = YES;
				CLANG_WARN_DEPRECATED_OBJC_IMPLEMENTATIONS = YES;
				CLANG_WARN_DIRECT_OBJC_ISA_USAGE = YES_ERROR;
				CLANG_WARN_DOCUMENTATION_COMMENTS = YES;
				CLANG_WARN_EMPTY_BODY = YES;
				CLANG_WARN_ENUM_CONVERSION = YES;
				CLANG_WARN_INFINITE_RECURSION = YES;
				CLANG_WARN_INT_CONVERSION = YES;
				CLANG_WARN_NON_LITERAL_NULL_CONVERSION = YES;
				CLANG_WARN_OBJC_IMPLICIT_RETAIN_SELF = YES;
				CLANG_WARN_OBJC_LITERAL_CONVERSION = YES;
				CLANG_WARN_OBJC_ROOT_CLASS = YES_ERROR;
				CLANG_WARN_RANGE_LOOP_ANALYSIS = YES;
				CLANG_WARN_STRICT_PROTOTYPES = YES;
				CLANG_WARN_SUSPICIOUS_MOVE = YES;
				CLANG_WARN_UNGUARDED_AVAILABILITY = YES_AGGRESSIVE;
				CLANG_WARN_UNREACHABLE_CODE = YES;
				CLANG_WARN__DUPLICATE_METHOD_MATCH = YES;
				CODE_SIGN_IDENTITY = "iPhone Developer";
				COPY_PHASE_STRIP = NO;
				DEBUG_INFORMATION_FORMAT = dwarf;
				ENABLE_STRICT_OBJC_MSGSEND = YES;
				ENABLE_TESTABILITY = YES;
				GCC_C_LANGUAGE_STANDARD = gnu11;
				GCC_DYNAMIC_NO_PIC = NO;
				GCC_NO_COMMON_BLOCKS = YES;
				GCC_OPTIMIZATION_LEVEL = 0;
				GCC_PREPROCESSOR_DEFINITIONS = (
					"DEBUG=1",
					"$(inherited)",
				);
				GCC_WARN_64_TO_32_BIT_CONVERSION = YES;
				GCC_WARN_ABOUT_RETURN_TYPE = YES_ERROR;
				GCC_WARN_UNDECLARED_SELECTOR = YES;
				GCC_WARN_UNINITIALIZED_AUTOS = YES_AGGRESSIVE;
				GCC_WARN_UNUSED_FUNCTION = YES;
				GCC_WARN_UNUSED_VARIABLE = YES;
				IPHONEOS_DEPLOYMENT_TARGET = 12.1;
				MTL_ENABLE_DEBUG_INFO = INCLUDE_SOURCE;
				MTL_FAST_MATH = YES;
				ONLY_ACTIVE_ARCH = YES;
				SDKROOT = iphoneos;
				SWIFT_ACTIVE_COMPILATION_CONDITIONS = DEBUG;
				SWIFT_OPTIMIZATION_LEVEL = "-Onone";
			};
			name = Debug;
		};
		FF7B835D225AF48200E2F207 /* Release */ = {
			isa = XCBuildConfiguration;
			buildSettings = {
				ALWAYS_SEARCH_USER_PATHS = NO;
				CLANG_ANALYZER_NONNULL = YES;
				CLANG_ANALYZER_NUMBER_OBJECT_CONVERSION = YES_AGGRESSIVE;
				CLANG_CXX_LANGUAGE_STANDARD = "gnu++14";
				CLANG_CXX_LIBRARY = "libc++";
				CLANG_ENABLE_MODULES = YES;
				CLANG_ENABLE_OBJC_ARC = YES;
				CLANG_ENABLE_OBJC_WEAK = YES;
				CLANG_WARN_BLOCK_CAPTURE_AUTORELEASING = YES;
				CLANG_WARN_BOOL_CONVERSION = YES;
				CLANG_WARN_COMMA = YES;
				CLANG_WARN_CONSTANT_CONVERSION = YES;
				CLANG_WARN_DEPRECATED_OBJC_IMPLEMENTATIONS = YES;
				CLANG_WARN_DIRECT_OBJC_ISA_USAGE = YES_ERROR;
				CLANG_WARN_DOCUMENTATION_COMMENTS = YES;
				CLANG_WARN_EMPTY_BODY = YES;
				CLANG_WARN_ENUM_CONVERSION = YES;
				CLANG_WARN_INFINITE_RECURSION = YES;
				CLANG_WARN_INT_CONVERSION = YES;
				CLANG_WARN_NON_LITERAL_NULL_CONVERSION = YES;
				CLANG_WARN_OBJC_IMPLICIT_RETAIN_SELF = YES;
				CLANG_WARN_OBJC_LITERAL_CONVERSION = YES;
				CLANG_WARN_OBJC_ROOT_CLASS = YES_ERROR;
				CLANG_WARN_RANGE_LOOP_ANALYSIS = YES;
				CLANG_WARN_STRICT_PROTOTYPES = YES;
				CLANG_WARN_SUSPICIOUS_MOVE = YES;
				CLANG_WARN_UNGUARDED_AVAILABILITY = YES_AGGRESSIVE;
				CLANG_WARN_UNREACHABLE_CODE = YES;
				CLANG_WARN__DUPLICATE_METHOD_MATCH = YES;
				CODE_SIGN_IDENTITY = "iPhone Developer";
				COPY_PHASE_STRIP = NO;
				DEBUG_INFORMATION_FORMAT = "dwarf-with-dsym";
				ENABLE_NS_ASSERTIONS = NO;
				ENABLE_STRICT_OBJC_MSGSEND = YES;
				GCC_C_LANGUAGE_STANDARD = gnu11;
				GCC_NO_COMMON_BLOCKS = YES;
				GCC_WARN_64_TO_32_BIT_CONVERSION = YES;
				GCC_WARN_ABOUT_RETURN_TYPE = YES_ERROR;
				GCC_WARN_UNDECLARED_SELECTOR = YES;
				GCC_WARN_UNINITIALIZED_AUTOS = YES_AGGRESSIVE;
				GCC_WARN_UNUSED_FUNCTION = YES;
				GCC_WARN_UNUSED_VARIABLE = YES;
				IPHONEOS_DEPLOYMENT_TARGET = 12.1;
				MTL_ENABLE_DEBUG_INFO = NO;
				MTL_FAST_MATH = YES;
				SDKROOT = iphoneos;
				SWIFT_COMPILATION_MODE = wholemodule;
				SWIFT_OPTIMIZATION_LEVEL = "-O";
				VALIDATE_PRODUCT = YES;
			};
			name = Release;
		};
		FF7B835F225AF48200E2F207 /* Debug */ = {
			isa = XCBuildConfiguration;
			buildSettings = {
				ASSETCATALOG_COMPILER_APPICON_NAME = AppIcon;
				CODE_SIGN_STYLE = Automatic;
				INFOPLIST_FILE = Class02/Info.plist;
				LD_RUNPATH_SEARCH_PATHS = (
					"$(inherited)",
					"@executable_path/Frameworks",
				);
				PRODUCT_BUNDLE_IDENTIFIER = edu.cjcu.Class02;
				PRODUCT_NAME = "$(TARGET_NAME)";
				SWIFT_VERSION = 4.2;
				TARGETED_DEVICE_FAMILY = "1,2";
			};
			name = Debug;
		};
		FF7B8360225AF48200E2F207 /* Release */ = {
			isa = XCBuildConfiguration;
			buildSettings = {
				ASSETCATALOG_COMPILER_APPICON_NAME = AppIcon;
				CODE_SIGN_STYLE = Automatic;
				INFOPLIST_FILE = Class02/Info.plist;
				LD_RUNPATH_SEARCH_PATHS = (
					"$(inherited)",
					"@executable_path/Frameworks",
				);
				PRODUCT_BUNDLE_IDENTIFIER = edu.cjcu.Class02;
				PRODUCT_NAME = "$(TARGET_NAME)";
				SWIFT_VERSION = 4.2;
				TARGETED_DEVICE_FAMILY = "1,2";
			};
			name = Release;
		};
		FF7B8362225AF48200E2F207 /* Debug */ = {
			isa = XCBuildConfiguration;
			buildSettings = {
				ALWAYS_EMBED_SWIFT_STANDARD_LIBRARIES = YES;
				BUNDLE_LOADER = "$(TEST_HOST)";
				CODE_SIGN_STYLE = Automatic;
				INFOPLIST_FILE = Class02Tests/Info.plist;
				LD_RUNPATH_SEARCH_PATHS = (
					"$(inherited)",
					"@executable_path/Frameworks",
					"@loader_path/Frameworks",
				);
				PRODUCT_BUNDLE_IDENTIFIER = edu.cjcu.Class02Tests;
				PRODUCT_NAME = "$(TARGET_NAME)";
				SWIFT_VERSION = 4.2;
				TARGETED_DEVICE_FAMILY = "1,2";
				TEST_HOST = "$(BUILT_PRODUCTS_DIR)/Class02.app/Class02";
			};
			name = Debug;
		};
		FF7B8363225AF48200E2F207 /* Release */ = {
			isa = XCBuildConfiguration;
			buildSettings = {
				ALWAYS_EMBED_SWIFT_STANDARD_LIBRARIES = YES;
				BUNDLE_LOADER = "$(TEST_HOST)";
				CODE_SIGN_STYLE = Automatic;
				INFOPLIST_FILE = Class02Tests/Info.plist;
				LD_RUNPATH_SEARCH_PATHS = (
					"$(inherited)",
					"@executable_path/Frameworks",
					"@loader_path/Frameworks",
				);
				PRODUCT_BUNDLE_IDENTIFIER = edu.cjcu.Class02Tests;
				PRODUCT_NAME = "$(TARGET_NAME)";
				SWIFT_VERSION = 4.2;
				TARGETED_DEVICE_FAMILY = "1,2";
				TEST_HOST = "$(BUILT_PRODUCTS_DIR)/Class02.app/Class02";
			};
			name = Release;
		};
		FF7B8365225AF48200E2F207 /* Debug */ = {
			isa = XCBuildConfiguration;
			buildSettings = {
				ALWAYS_EMBED_SWIFT_STANDARD_LIBRARIES = YES;
				CODE_SIGN_STYLE = Automatic;
				INFOPLIST_FILE = Class02UITests/Info.plist;
				LD_RUNPATH_SEARCH_PATHS = (
					"$(inherited)",
					"@executable_path/Frameworks",
					"@loader_path/Frameworks",
				);
				PRODUCT_BUNDLE_IDENTIFIER = edu.cjcu.Class02UITests;
				PRODUCT_NAME = "$(TARGET_NAME)";
				SWIFT_VERSION = 4.2;
				TARGETED_DEVICE_FAMILY = "1,2";
				TEST_TARGET_NAME = Class02;
			};
			name = Debug;
		};
		FF7B8366225AF48200E2F207 /* Release */ = {
			isa = XCBuildConfiguration;
			buildSettings = {
				ALWAYS_EMBED_SWIFT_STANDARD_LIBRARIES = YES;
				CODE_SIGN_STYLE = Automatic;
				INFOPLIST_FILE = Class02UITests/Info.plist;
				LD_RUNPATH_SEARCH_PATHS = (
					"$(inherited)",
					"@executable_path/Frameworks",
					"@loader_path/Frameworks",
				);
				PRODUCT_BUNDLE_IDENTIFIER = edu.cjcu.Class02UITests;
				PRODUCT_NAME = "$(TARGET_NAME)";
				SWIFT_VERSION = 4.2;
				TARGETED_DEVICE_FAMILY = "1,2";
				TEST_TARGET_NAME = Class02;
			};
			name = Release;
		};
/* End XCBuildConfiguration section */

/* Begin XCConfigurationList section */
		FF7B8331225AF47E00E2F207 /* Build configuration list for PBXProject "Class02" */ = {
			isa = XCConfigurationList;
			buildConfigurations = (
				FF7B835C225AF48200E2F207 /* Debug */,
				FF7B835D225AF48200E2F207 /* Release */,
			);
			defaultConfigurationIsVisible = 0;
			defaultConfigurationName = Release;
		};
		FF7B835E225AF48200E2F207 /* Build configuration list for PBXNativeTarget "Class02" */ = {
			isa = XCConfigurationList;
			buildConfigurations = (
				FF7B835F225AF48200E2F207 /* Debug */,
				FF7B8360225AF48200E2F207 /* Release */,
			);
			defaultConfigurationIsVisible = 0;
			defaultConfigurationName = Release;
		};
		FF7B8361225AF48200E2F207 /* Build configuration list for PBXNativeTarget "Class02Tests" */ = {
			isa = XCConfigurationList;
			buildConfigurations = (
				FF7B8362225AF48200E2F207 /* Debug */,
				FF7B8363225AF48200E2F207 /* Release */,
			);
			defaultConfigurationIsVisible = 0;
			defaultConfigurationName = Release;
		};
		FF7B8364225AF48200E2F207 /* Build configuration list for PBXNativeTarget "Class02UITests" */ = {
			isa = XCConfigurationList;
			buildConfigurations = (
				FF7B8365225AF48200E2F207 /* Debug */,
				FF7B8366225AF48200E2F207 /* Release */,
			);
			defaultConfigurationIsVisible = 0;
			defaultConfigurationName = Release;
		};
/* End XCConfigurationList section */
	};
	rootObject = FF7B832E225AF47E00E2F207 /* Project object */;
}
